
Microsoft Visual Studio Solution File, Format Version 12.00
# Visual Studio 15
VisualStudioVersion = 15.0.26124.0
MinimumVisualStudioVersion = 15.0.26124.0
Project("{9A19103F-16F7-4668-BE54-9A1E7A4F7556}") = "_build", "Nuke.Targets\_build.csproj", "{06F97B25-376B-4BFB-861E-1C6065C08B5E}"
EndProject
Project("{2150E333-8FDC-42A3-9474-1A3956D46DE8}") = "Nuke.Targets", "Nuke.Targets", "{499EDF64-7DB8-416A-9168-B6C153309050}"
EndProject
Project("{FAE04EC0-301F-11D3-BF4B-00C04F79EFBC}") = "Nuke.Unreal", "Nuke.Unreal\Nuke.Unreal.csproj", "{F8E6C028-AB11-4829-A9F5-0C3C325234D0}"
EndProject
Global
	GlobalSection(SolutionConfigurationPlatforms) = preSolution
		Debug|Any CPU = Debug|Any CPU
		Debug|x64 = Debug|x64
		Debug|x86 = Debug|x86
		Release|Any CPU = Release|Any CPU
		Release|x64 = Release|x64
		Release|x86 = Release|x86
	EndGlobalSection
	GlobalSection(ProjectConfigurationPlatforms) = postSolution
		{06F97B25-376B-4BFB-861E-1C6065C08B5E}.Debug|Any CPU.ActiveCfg = Debug|Any CPU
		{06F97B25-376B-4BFB-861E-1C6065C08B5E}.Release|Any CPU.ActiveCfg = Release|Any CPU
		{F8E6C028-AB11-4829-A9F5-0C3C325234D0}.Debug|Any CPU.ActiveCfg = Debug|Any CPU
		{F8E6C028-AB11-4829-A9F5-0C3C325234D0}.Debug|Any CPU.Build.0 = Debug|Any CPU
		{F8E6C028-AB11-4829-A9F5-0C3C325234D0}.Debug|x64.ActiveCfg = Debug|Any CPU
		{F8E6C028-AB11-4829-A9F5-0C3C325234D0}.Debug|x64.Build.0 = Debug|Any CPU
		{F8E6C028-AB11-4829-A9F5-0C3C325234D0}.Debug|x86.ActiveCfg = Debug|Any CPU
		{F8E6C028-AB11-4829-A9F5-0C3C325234D0}.Debug|x86.Build.0 = Debug|Any CPU
		{F8E6C028-AB11-4829-A9F5-0C3C325234D0}.Release|Any CPU.ActiveCfg = Release|Any CPU
		{F8E6C028-AB11-4829-A9F5-0C3C325234D0}.Release|Any CPU.Build.0 = Release|Any CPU
		{F8E6C028-AB11-4829-A9F5-0C3C325234D0}.Release|x64.ActiveCfg = Release|Any CPU
		{F8E6C028-AB11-4829-A9F5-0C3C325234D0}.Release|x64.Build.0 = Release|Any CPU
		{F8E6C028-AB11-4829-A9F5-0C3C325234D0}.Release|x86.ActiveCfg = Release|Any CPU
		{F8E6C028-AB11-4829-A9F5-0C3C325234D0}.Release|x86.Build.0 = Release|Any CPU
	EndGlobalSection
	GlobalSection(SolutionProperties) = preSolution
		HideSolutionNode = FALSE
	EndGlobalSection
	GlobalSection(NestedProjects) = preSolution
		{F8E6C028-AB11-4829-A9F5-0C3C325234D0} = {499EDF64-7DB8-416A-9168-B6C153309050}
	EndGlobalSection
EndGlobal
